
Microsoft Visual Studio Solution File, Format Version 12.00
# Visual Studio Version 16
VisualStudioVersion = 16.0.30611.23
MinimumVisualStudioVersion = 10.0.40219.1
Project("{FAE04EC0-301F-11D3-BF4B-00C04F79EFBC}") = "Test.Android", "Test.Android\Test.Android.csproj", "{A495F60B-C6F3-47D8-A835-275665D3F3C0}"
EndProject
Project("{FAE04EC0-301F-11D3-BF4B-00C04F79EFBC}") = "Test.iOS", "Test.iOS\Test.iOS.csproj", "{09FDC897-07FB-490A-94AD-EF85CFB1A1F9}"
EndProject
Project("{FAE04EC0-301F-11D3-BF4B-00C04F79EFBC}") = "Test", "Test\Test.csproj", "{265A1BCB-8091-471F-9D06-40430D5D106D}"
EndProject
Global
	GlobalSection(SolutionConfigurationPlatforms) = preSolution
		Debug|Any CPU = Debug|Any CPU
		Debug|iPhone = Debug|iPhone
		Debug|iPhoneSimulator = Debug|iPhoneSimulator
		Release|Any CPU = Release|Any CPU
		Release|iPhone = Release|iPhone
		Release|iPhoneSimulator = Release|iPhoneSimulator
	EndGlobalSection
	GlobalSection(ProjectConfigurationPlatforms) = postSolution
		{A495F60B-C6F3-47D8-A835-275665D3F3C0}.Debug|Any CPU.ActiveCfg = Debug|Any CPU
		{A495F60B-C6F3-47D8-A835-275665D3F3C0}.Debug|Any CPU.Build.0 = Debug|Any CPU
		{A495F60B-C6F3-47D8-A835-275665D3F3C0}.Debug|Any CPU.Deploy.0 = Debug|Any CPU
		{A495F60B-C6F3-47D8-A835-275665D3F3C0}.Debug|iPhone.ActiveCfg = Debug|Any CPU
		{A495F60B-C6F3-47D8-A835-275665D3F3C0}.Debug|iPhone.Build.0 = Debug|Any CPU
		{A495F60B-C6F3-47D8-A835-275665D3F3C0}.Debug|iPhone.Deploy.0 = Debug|Any CPU
		{A495F60B-C6F3-47D8-A835-275665D3F3C0}.Debug|iPhoneSimulator.ActiveCfg = Debug|Any CPU
		{A495F60B-C6F3-47D8-A835-275665D3F3C0}.Debug|iPhoneSimulator.Build.0 = Debug|Any CPU
		{A495F60B-C6F3-47D8-A835-275665D3F3C0}.Debug|iPhoneSimulator.Deploy.0 = Debug|Any CPU
		{A495F60B-C6F3-47D8-A835-275665D3F3C0}.Release|Any CPU.ActiveCfg = Release|Any CPU
		{A495F60B-C6F3-47D8-A835-275665D3F3C0}.Release|Any CPU.Build.0 = Release|Any CPU
		{A495F60B-C6F3-47D8-A835-275665D3F3C0}.Release|Any CPU.Deploy.0 = Release|Any CPU
		{A495F60B-C6F3-47D8-A835-275665D3F3C0}.Release|iPhone.ActiveCfg = Release|Any CPU
		{A495F60B-C6F3-47D8-A835-275665D3F3C0}.Release|iPhone.Build.0 = Release|Any CPU
		{A495F60B-C6F3-47D8-A835-275665D3F3C0}.Release|iPhone.Deploy.0 = Release|Any CPU
		{A495F60B-C6F3-47D8-A835-275665D3F3C0}.Release|iPhoneSimulator.ActiveCfg = Release|Any CPU
		{A495F60B-C6F3-47D8-A835-275665D3F3C0}.Release|iPhoneSimulator.Build.0 = Release|Any CPU
		{A495F60B-C6F3-47D8-A835-275665D3F3C0}.Release|iPhoneSimulator.Deploy.0 = Release|Any CPU
		{09FDC897-07FB-490A-94AD-EF85CFB1A1F9}.Debug|Any CPU.ActiveCfg = Debug|iPhone
		{09FDC897-07FB-490A-94AD-EF85CFB1A1F9}.Debug|Any CPU.Build.0 = Debug|iPhone
		{09FDC897-07FB-490A-94AD-EF85CFB1A1F9}.Debug|Any CPU.Deploy.0 = Debug|iPhone
		{09FDC897-07FB-490A-94AD-EF85CFB1A1F9}.Debug|iPhone.ActiveCfg = Debug|iPhone
		{09FDC897-07FB-490A-94AD-EF85CFB1A1F9}.Debug|iPhone.Build.0 = Debug|iPhone
		{09FDC897-07FB-490A-94AD-EF85CFB1A1F9}.Debug|iPhone.Deploy.0 = Debug|iPhone
		{09FDC897-07FB-490A-94AD-EF85CFB1A1F9}.Debug|iPhoneSimulator.ActiveCfg = Debug|iPhoneSimulator
		{09FDC897-07FB-490A-94AD-EF85CFB1A1F9}.Debug|iPhoneSimulator.Build.0 = Debug|iPhoneSimulator
		{09FDC897-07FB-490A-94AD-EF85CFB1A1F9}.Debug|iPhoneSimulator.Deploy.0 = Debug|iPhoneSimulator
		{09FDC897-07FB-490A-94AD-EF85CFB1A1F9}.Release|Any CPU.ActiveCfg = Release|iPhoneSimulator
		{09FDC897-07FB-490A-94AD-EF85CFB1A1F9}.Release|Any CPU.Build.0 = Release|iPhoneSimulator
		{09FDC897-07FB-490A-94AD-EF85CFB1A1F9}.Release|Any CPU.Deploy.0 = Release|iPhoneSimulator
		{09FDC897-07FB-490A-94AD-EF85CFB1A1F9}.Release|iPhone.ActiveCfg = Release|iPhone
		{09FDC897-07FB-490A-94AD-EF85CFB1A1F9}.Release|iPhone.Build.0 = Release|iPhone
		{09FDC897-07FB-490A-94AD-EF85CFB1A1F9}.Release|iPhone.Deploy.0 = Release|iPhone
		{09FDC897-07FB-490A-94AD-EF85CFB1A1F9}.Release|iPhoneSimulator.ActiveCfg = Release|iPhoneSimulator
		{09FDC897-07FB-490A-94AD-EF85CFB1A1F9}.Release|iPhoneSimulator.Build.0 = Release|iPhoneSimulator
		{09FDC897-07FB-490A-94AD-EF85CFB1A1F9}.Release|iPhoneSimulator.Deploy.0 = Release|iPhoneSimulator
		{265A1BCB-8091-471F-9D06-40430D5D106D}.Debug|Any CPU.ActiveCfg = Debug|Any CPU
		{265A1BCB-8091-471F-9D06-40430D5D106D}.Debug|Any CPU.Build.0 = Debug|Any CPU
		{265A1BCB-8091-471F-9D06-40430D5D106D}.Debug|Any CPU.Deploy.0 = Debug|Any CPU
		{265A1BCB-8091-471F-9D06-40430D5D106D}.Debug|iPhone.ActiveCfg = Debug|Any CPU
		{265A1BCB-8091-471F-9D06-40430D5D106D}.Debug|iPhone.Build.0 = Debug|Any CPU
		{265A1BCB-8091-471F-9D06-40430D5D106D}.Debug|iPhone.Deploy.0 = Debug|Any CPU
		{265A1BCB-8091-471F-9D06-40430D5D106D}.Debug|iPhoneSimulator.ActiveCfg = Debug|Any CPU
		{265A1BCB-8091-471F-9D06-40430D5D106D}.Debug|iPhoneSimulator.Build.0 = Debug|Any CPU
		{265A1BCB-8091-471F-9D06-40430D5D106D}.Debug|iPhoneSimulator.Deploy.0 = Debug|Any CPU
		{265A1BCB-8091-471F-9D06-40430D5D106D}.Release|Any CPU.ActiveCfg = Release|Any CPU
		{265A1BCB-8091-471F-9D06-40430D5D106D}.Release|Any CPU.Build.0 = Release|Any CPU
		{265A1BCB-8091-471F-9D06-40430D5D106D}.Release|Any CPU.Deploy.0 = Release|Any CPU
		{265A1BCB-8091-471F-9D06-40430D5D106D}.Release|iPhone.ActiveCfg = Release|Any CPU
		{265A1BCB-8091-471F-9D06-40430D5D106D}.Release|iPhone.Build.0 = Release|Any CPU
		{265A1BCB-8091-471F-9D06-40430D5D106D}.Release|iPhone.Deploy.0 = Release|Any CPU
		{265A1BCB-8091-471F-9D06-40430D5D106D}.Release|iPhoneSimulator.ActiveCfg = Release|Any CPU
		{265A1BCB-8091-471F-9D06-40430D5D106D}.Release|iPhoneSimulator.Build.0 = Release|Any CPU
		{265A1BCB-8091-471F-9D06-40430D5D106D}.Release|iPhoneSimulator.Deploy.0 = Release|Any CPU
	EndGlobalSection
	GlobalSection(SolutionProperties) = preSolution
		HideSolutionNode = FALSE
	EndGlobalSection
	GlobalSection(ExtensibilityGlobals) = postSolution
		SolutionGuid = {86001CAA-9133-4229-9FCF-4F61697E8EDA}
	EndGlobalSection
EndGlobal
